// !$*UTF8*$!
{
	archiveVersion = 1;
	classes = {
	};
	objectVersion = 48;
	objects = {

/* Begin PBXBuildFile section */
		01354BD0207ECC7400800BC5 /* Gyroscope.swift in Sources */ = {isa = PBXBuildFile; fileRef = 01354BCF207ECC7400800BC5 /* Gyroscope.swift */; };
		01354BD2207ECC8000800BC5 /* Accelerometer.swift in Sources */ = {isa = PBXBuildFile; fileRef = 01354BD1207ECC8000800BC5 /* Accelerometer.swift */; };
		01354BD4207ECC8B00800BC5 /* Barometer.swift in Sources */ = {isa = PBXBuildFile; fileRef = 01354BD3207ECC8B00800BC5 /* Barometer.swift */; };
		01354BD6207ECC9700800BC5 /* HapticFeedback.swift in Sources */ = {isa = PBXBuildFile; fileRef = 01354BD5207ECC9700800BC5 /* HapticFeedback.swift */; };
		01354BD8207F13A700800BC5 /* LaunchScreen.storyboard in Resources */ = {isa = PBXBuildFile; fileRef = 01354BD7207F13A700800BC5 /* LaunchScreen.storyboard */; };
		019B07D8207EA828001A67C6 /* AppDelegate.swift in Sources */ = {isa = PBXBuildFile; fileRef = 019B07D7207EA828001A67C6 /* AppDelegate.swift */; };
		019B07DA207EA828001A67C6 /* MainDirectory.swift in Sources */ = {isa = PBXBuildFile; fileRef = 019B07D9207EA828001A67C6 /* MainDirectory.swift */; };
		019B07DF207EA828001A67C6 /* Assets.xcassets in Resources */ = {isa = PBXBuildFile; fileRef = 019B07DE207EA828001A67C6 /* Assets.xcassets */; };
/* End PBXBuildFile section */

/* Begin PBXFileReference section */
		01354BCF207ECC7400800BC5 /* Gyroscope.swift */ = {isa = PBXFileReference; lastKnownFileType = sourcecode.swift; path = Gyroscope.swift; sourceTree = "<group>"; };
		01354BD1207ECC8000800BC5 /* Accelerometer.swift */ = {isa = PBXFileReference; lastKnownFileType = sourcecode.swift; path = Accelerometer.swift; sourceTree = "<group>"; };
		01354BD3207ECC8B00800BC5 /* Barometer.swift */ = {isa = PBXFileReference; lastKnownFileType = sourcecode.swift; path = Barometer.swift; sourceTree = "<group>"; };
		01354BD5207ECC9700800BC5 /* HapticFeedback.swift */ = {isa = PBXFileReference; lastKnownFileType = sourcecode.swift; path = HapticFeedback.swift; sourceTree = "<group>"; };
		01354BD7207F13A700800BC5 /* LaunchScreen.storyboard */ = {isa = PBXFileReference; fileEncoding = 4; lastKnownFileType = file.storyboard; path = LaunchScreen.storyboard; sourceTree = "<group>"; };
		019B07D4207EA828001A67C6 /* iOS Functionality Project.app */ = {isa = PBXFileReference; explicitFileType = wrapper.application; includeInIndex = 0; path = "iOS Functionality Project.app"; sourceTree = BUILT_PRODUCTS_DIR; };
		019B07D7207EA828001A67C6 /* AppDelegate.swift */ = {isa = PBXFileReference; lastKnownFileType = sourcecode.swift; path = AppDelegate.swift; sourceTree = "<group>"; };
		019B07D9207EA828001A67C6 /* MainDirectory.swift */ = {isa = PBXFileReference; lastKnownFileType = sourcecode.swift; path = MainDirectory.swift; sourceTree = "<group>"; };
		019B07DE207EA828001A67C6 /* Assets.xcassets */ = {isa = PBXFileReference; lastKnownFileType = folder.assetcatalog; path = Assets.xcassets; sourceTree = "<group>"; };
		019B07E3207EA828001A67C6 /* Info.plist */ = {isa = PBXFileReference; lastKnownFileType = text.plist.xml; path = Info.plist; sourceTree = "<group>"; };
/* End PBXFileReference section */

/* Begin PBXFrameworksBuildPhase section */
		019B07D1207EA828001A67C6 /* Frameworks */ = {
			isa = PBXFrameworksBuildPhase;
			buildActionMask = 2147483647;
			files = (
			);
			runOnlyForDeploymentPostprocessing = 0;
		};
/* End PBXFrameworksBuildPhase section */

/* Begin PBXGroup section */
		019B07CB207EA828001A67C6 = {
			isa = PBXGroup;
			children = (
				019B07D6207EA828001A67C6 /* iOS Functionality Project */,
				019B07D5207EA828001A67C6 /* Products */,
			);
			sourceTree = "<group>";
		};
		019B07D5207EA828001A67C6 /* Products */ = {
			isa = PBXGroup;
			children = (
				019B07D4207EA828001A67C6 /* iOS Functionality Project.app */,
			);
			name = Products;
			sourceTree = "<group>";
		};
		019B07D6207EA828001A67C6 /* iOS Functionality Project */ = {
			isa = PBXGroup;
			children = (
				019B07D7207EA828001A67C6 /* AppDelegate.swift */,
				019B07D9207EA828001A67C6 /* MainDirectory.swift */,
				019B07DE207EA828001A67C6 /* Assets.xcassets */,
				01354BD7207F13A700800BC5 /* LaunchScreen.storyboard */,
				019B07E3207EA828001A67C6 /* Info.plist */,
				01354BCF207ECC7400800BC5 /* Gyroscope.swift */,
				01354BD1207ECC8000800BC5 /* Accelerometer.swift */,
				01354BD3207ECC8B00800BC5 /* Barometer.swift */,
				01354BD5207ECC9700800BC5 /* HapticFeedback.swift */,
			);
			path = "iOS Functionality Project";
			sourceTree = "<group>";
		};
/* End PBXGroup section */

/* Begin PBXNativeTarget section */
		019B07D3207EA828001A67C6 /* iOS Functionality Project */ = {
			isa = PBXNativeTarget;
			buildConfigurationList = 019B07E6207EA828001A67C6 /* Build configuration list for PBXNativeTarget "iOS Functionality Project" */;
			buildPhases = (
				019B07D0207EA828001A67C6 /* Sources */,
				019B07D1207EA828001A67C6 /* Frameworks */,
				019B07D2207EA828001A67C6 /* Resources */,
			);
			buildRules = (
			);
			dependencies = (
			);
			name = "iOS Functionality Project";
			productName = "iOS Functionality Project";
			productReference = 019B07D4207EA828001A67C6 /* iOS Functionality Project.app */;
			productType = "com.apple.product-type.application";
		};
/* End PBXNativeTarget section */

/* Begin PBXProject section */
		019B07CC207EA828001A67C6 /* Project object */ = {
			isa = PBXProject;
			attributes = {
				LastSwiftUpdateCheck = 0920;
				LastUpgradeCheck = 0920;
				ORGANIZATIONNAME = "Nicholas Brandt";
				TargetAttributes = {
					019B07D3207EA828001A67C6 = {
						CreatedOnToolsVersion = 9.2;
						ProvisioningStyle = Automatic;
					};
				};
			};
			buildConfigurationList = 019B07CF207EA828001A67C6 /* Build configuration list for PBXProject "iOS Functionality Project" */;
			compatibilityVersion = "Xcode 8.0";
			developmentRegion = en;
			hasScannedForEncodings = 0;
			knownRegions = (
				en,
				Base,
			);
			mainGroup = 019B07CB207EA828001A67C6;
			productRefGroup = 019B07D5207EA828001A67C6 /* Products */;
			projectDirPath = "";
			projectRoot = "";
			targets = (
				019B07D3207EA828001A67C6 /* iOS Functionality Project */,
			);
		};
/* End PBXProject section */

/* Begin PBXResourcesBuildPhase section */
		019B07D2207EA828001A67C6 /* Resources */ = {
			isa = PBXResourcesBuildPhase;
			buildActionMask = 2147483647;
			files = (
				019B07DF207EA828001A67C6 /* Assets.xcassets in Resources */,
				01354BD8207F13A700800BC5 /* LaunchScreen.storyboard in Resources */,
			);
			runOnlyForDeploymentPostprocessing = 0;
		};
/* End PBXResourcesBuildPhase section */

/* Begin PBXSourcesBuildPhase section */
		019B07D0207EA828001A67C6 /* Sources */ = {
			isa = PBXSourcesBuildPhase;
			buildActionMask = 2147483647;
			files = (
				01354BD0207ECC7400800BC5 /* Gyroscope.swift in Sources */,
				01354BD4207ECC8B00800BC5 /* Barometer.swift in Sources */,
				01354BD2207ECC8000800BC5 /* Accelerometer.swift in Sources */,
				019B07DA207EA828001A67C6 /* MainDirectory.swift in Sources */,
				019B07D8207EA828001A67C6 /* AppDelegate.swift in Sources */,
				01354BD6207ECC9700800BC5 /* HapticFeedback.swift in Sources */,
			);
			runOnlyForDeploymentPostprocessing = 0;
		};
/* End PBXSourcesBuildPhase section */

/* Begin XCBuildConfiguration section */
		019B07E4207EA828001A67C6 /* Debug */ = {
			isa = XCBuildConfiguration;
			buildSettings = {
				ALWAYS_SEARCH_USER_PATHS = NO;
				CLANG_ANALYZER_NONNULL = YES;
				CLANG_ANALYZER_NUMBER_OBJECT_CONVERSION = YES_AGGRESSIVE;
				CLANG_CXX_LANGUAGE_STANDARD = "gnu++14";
				CLANG_CXX_LIBRARY = "libc++";
				CLANG_ENABLE_MODULES = YES;
				CLANG_ENABLE_OBJC_ARC = YES;
				CLANG_WARN_BLOCK_CAPTURE_AUTORELEASING = YES;
				CLANG_WARN_BOOL_CONVERSION = YES;
				CLANG_WARN_COMMA = YES;
				CLANG_WARN_CONSTANT_CONVERSION = YES;
				CLANG_WARN_DIRECT_OBJC_ISA_USAGE = YES_ERROR;
				CLANG_WARN_DOCUMENTATION_COMMENTS = YES;
				CLANG_WARN_EMPTY_BODY = YES;
				CLANG_WARN_ENUM_CONVERSION = YES;
				CLANG_WARN_INFINITE_RECURSION = YES;
				CLANG_WARN_INT_CONVERSION = YES;
				CLANG_WARN_NON_LITERAL_NULL_CONVERSION = YES;
				CLANG_WARN_OBJC_LITERAL_CONVERSION = YES;
				CLANG_WARN_OBJC_ROOT_CLASS = YES_ERROR;
				CLANG_WARN_RANGE_LOOP_ANALYSIS = YES;
				CLANG_WARN_STRICT_PROTOTYPES = YES;
				CLANG_WARN_SUSPICIOUS_MOVE = YES;
				CLANG_WARN_UNGUARDED_AVAILABILITY = YES_AGGRESSIVE;
				CLANG_WARN_UNREACHABLE_CODE = YES;
				CLANG_WARN__DUPLICATE_METHOD_MATCH = YES;
				CODE_SIGN_IDENTITY = "iPhone Developer";
				COPY_PHASE_STRIP = NO;
				DEBUG_INFORMATION_FORMAT = dwarf;
				ENABLE_STRICT_OBJC_MSGSEND = YES;
				ENABLE_TESTABILITY = YES;
				GCC_C_LANGUAGE_STANDARD = gnu11;
				GCC_DYNAMIC_NO_PIC = NO;
				GCC_NO_COMMON_BLOCKS = YES;
				GCC_OPTIMIZATION_LEVEL = 0;
				GCC_PREPROCESSOR_DEFINITIONS = (
					"DEBUG=1",
					"$(inherited)",
				);
				GCC_WARN_64_TO_32_BIT_CONVERSION = YES;
				GCC_WARN_ABOUT_RETURN_TYPE = YES_ERROR;
				GCC_WARN_UNDECLARED_SELECTOR = YES;
				GCC_WARN_UNINITIALIZED_AUTOS = YES_AGGRESSIVE;
				GCC_WARN_UNUSED_FUNCTION = YES;
				GCC_WARN_UNUSED_VARIABLE = YES;
				IPHONEOS_DEPLOYMENT_TARGET = 11.2;
				MTL_ENABLE_DEBUG_INFO = YES;
				ONLY_ACTIVE_ARCH = YES;
				SDKROOT = iphoneos;
				SWIFT_ACTIVE_COMPILATION_CONDITIONS = DEBUG;
				SWIFT_OPTIMIZATION_LEVEL = "-Onone";
			};
			name = Debug;
		};
		019B07E5207EA828001A67C6 /* Release */ = {
			isa = XCBuildConfiguration;
			buildSettings = {
				ALWAYS_SEARCH_USER_PATHS = NO;
				CLANG_ANALYZER_NONNULL = YES;
				CLANG_ANALYZER_NUMBER_OBJECT_CONVERSION = YES_AGGRESSIVE;
				CLANG_CXX_LANGUAGE_STANDARD = "gnu++14";
				CLANG_CXX_LIBRARY = "libc++";
				CLANG_ENABLE_MODULES = YES;
				CLANG_ENABLE_OBJC_ARC = YES;
				CLANG_WARN_BLOCK_CAPTURE_AUTORELEASING = YES;
				CLANG_WARN_BOOL_CONVERSION = YES;
				CLANG_WARN_COMMA = YES;
				CLANG_WARN_CONSTANT_CONVERSION = YES;
				CLANG_WARN_DIRECT_OBJC_ISA_USAGE = YES_ERROR;
				CLANG_WARN_DOCUMENTATION_COMMENTS = YES;
				CLANG_WARN_EMPTY_BODY = YES;
				CLANG_WARN_ENUM_CONVERSION = YES;
				CLANG_WARN_INFINITE_RECURSION = YES;
				CLANG_WARN_INT_CONVERSION = YES;
				CLANG_WARN_NON_LITERAL_NULL_CONVERSION = YES;
				CLANG_WARN_OBJC_LITERAL_CONVERSION = YES;
				CLANG_WARN_OBJC_ROOT_CLASS = YES_ERROR;
				CLANG_WARN_RANGE_LOOP_ANALYSIS = YES;
				CLANG_WARN_STRICT_PROTOTYPES = YES;
				CLANG_WARN_SUSPICIOUS_MOVE = YES;
				CLANG_WARN_UNGUARDED_AVAILABILITY = YES_AGGRESSIVE;
				CLANG_WARN_UNREACHABLE_CODE = YES;
				CLANG_WARN__DUPLICATE_METHOD_MATCH = YES;
				CODE_SIGN_IDENTITY = "iPhone Developer";
				COPY_PHASE_STRIP = NO;
				DEBUG_INFORMATION_FORMAT = "dwarf-with-dsym";
				ENABLE_NS_ASSERTIONS = NO;
				ENABLE_STRICT_OBJC_MSGSEND = YES;
				GCC_C_LANGUAGE_STANDARD = gnu11;
				GCC_NO_COMMON_BLOCKS = YES;
				GCC_WARN_64_TO_32_BIT_CONVERSION = YES;
				GCC_WARN_ABOUT_RETURN_TYPE = YES_ERROR;
				GCC_WARN_UNDECLARED_SELECTOR = YES;
				GCC_WARN_UNINITIALIZED_AUTOS = YES_AGGRESSIVE;
				GCC_WARN_UNUSED_FUNCTION = YES;
				GCC_WARN_UNUSED_VARIABLE = YES;
				IPHONEOS_DEPLOYMENT_TARGET = 11.2;
				MTL_ENABLE_DEBUG_INFO = NO;
				SDKROOT = iphoneos;
				SWIFT_OPTIMIZATION_LEVEL = "-Owholemodule";
				VALIDATE_PRODUCT = YES;
			};
			name = Release;
		};
		019B07E7207EA828001A67C6 /* Debug */ = {
			isa = XCBuildConfiguration;
			buildSettings = {
				ASSETCATALOG_COMPILER_APPICON_NAME = AppIcon;
				CODE_SIGN_STYLE = Automatic;
				DEVELOPMENT_TEAM = 9V2SXNBH8E;
				INFOPLIST_FILE = "iOS Functionality Project/Info.plist";
				LD_RUNPATH_SEARCH_PATHS = "$(inherited) @executable_path/Frameworks";
				PRODUCT_BUNDLE_IDENTIFIER = "nakkamarra.iOS-Functionality-Project";
				PRODUCT_NAME = "$(TARGET_NAME)";
				SWIFT_VERSION = 4.0;
				TARGETED_DEVICE_FAMILY = 1;
			};
			name = Debug;
		};
		019B07E8207EA828001A67C6 /* Release */ = {
			isa = XCBuildConfiguration;
			buildSettings = {
				ASSETCATALOG_COMPILER_APPICON_NAME = AppIcon;
				CODE_SIGN_STYLE = Automatic;
				DEVELOPMENT_TEAM = 9V2SXNBH8E;
				INFOPLIST_FILE = "iOS Functionality Project/Info.plist";
				LD_RUNPATH_SEARCH_PATHS = "$(inherited) @executable_path/Frameworks";
				PRODUCT_BUNDLE_IDENTIFIER = "nakkamarra.iOS-Functionality-Project";
				PRODUCT_NAME = "$(TARGET_NAME)";
				SWIFT_VERSION = 4.0;
				TARGETED_DEVICE_FAMILY = 1;
			};
			name = Release;
		};
/* End XCBuildConfiguration section */

/* Begin XCConfigurationList section */
		019B07CF207EA828001A67C6 /* Build configuration list for PBXProject "iOS Functionality Project" */ = {
			isa = XCConfigurationList;
			buildConfigurations = (
				019B07E4207EA828001A67C6 /* Debug */,
				019B07E5207EA828001A67C6 /* Release */,
			);
			defaultConfigurationIsVisible = 0;
			defaultConfigurationName = Release;
		};
		019B07E6207EA828001A67C6 /* Build configuration list for PBXNativeTarget "iOS Functionality Project" */ = {
			isa = XCConfigurationList;
			buildConfigurations = (
				019B07E7207EA828001A67C6 /* Debug */,
				019B07E8207EA828001A67C6 /* Release */,
			);
			defaultConfigurationIsVisible = 0;
			defaultConfigurationName = Release;
		};
/* End XCConfigurationList section */
	};
	rootObject = 019B07CC207EA828001A67C6 /* Project object */;
}
